
Microsoft Visual Studio Solution File, Format Version 11.00
# Visual Studio 2010
Project("{FAE04EC0-301F-11D3-BF4B-00C04F79EFBC}") = "ITCR.SGAG.Interfaz", "ITCR.SGAG.Interfaz\ITCR.SGAG.Interfaz.csproj", "{04F61B79-BD86-431B-B122-3EC534E93018}"
EndProject
Project("{FAE04EC0-301F-11D3-BF4B-00C04F79EFBC}") = "ITCR.SGAG.Negocios", "ITCR.SGAG.Negocios\ITCR.SGAG.Negocios.csproj", "{937D46B1-A7DD-432F-AC3A-19D75FE2A107}"
EndProject
Project("{FAE04EC0-301F-11D3-BF4B-00C04F79EFBC}") = "ITCR.SGAG.Datos", "ITCR.SGAG.Datos\ITCR.SGAG.Datos.csproj", "{EF709D5D-8F82-4ED1-8CF1-AF4225B7571A}"
EndProject
Project("{FAE04EC0-301F-11D3-BF4B-00C04F79EFBC}") = "ITCR.SGAG.Pruebas", "ITCR.SGAG.Pruebas\ITCR.SGAG.Pruebas.csproj", "{E5173675-5717-4913-BC2D-A60904C10371}"
EndProject
Project("{2150E333-8FDC-42A3-9474-1A3956D46DE8}") = "Solution Items", "Solution Items", "{B1144B64-FBE4-4E55-A81D-094A465B8C29}"
	ProjectSection(SolutionItems) = preProject
		ITCR.SGAG.vsmdi = ITCR.SGAG.vsmdi
		Local.testsettings = Local.testsettings
		TraceAndTestImpact.testsettings = TraceAndTestImpact.testsettings
	EndProjectSection
EndProject
Project("{FAE04EC0-301F-11D3-BF4B-00C04F79EFBC}") = "ITCR.SGAG.Reportes", "ITCR.SGAG.Reportes\ITCR.SGAG.Reportes.csproj", "{E1A6BB5A-D063-44EB-BE71-26497B8DD3C1}"
EndProject
Global
	GlobalSection(TestCaseManagementSettings) = postSolution
		CategoryFile = ITCR.SGAG.vsmdi
	EndGlobalSection
	GlobalSection(SolutionConfigurationPlatforms) = preSolution
		Debug|Any CPU = Debug|Any CPU
		Debug|Mixed Platforms = Debug|Mixed Platforms
		Debug|x86 = Debug|x86
		Release|Any CPU = Release|Any CPU
		Release|Mixed Platforms = Release|Mixed Platforms
		Release|x86 = Release|x86
	EndGlobalSection
	GlobalSection(ProjectConfigurationPlatforms) = postSolution
		{04F61B79-BD86-431B-B122-3EC534E93018}.Debug|Any CPU.ActiveCfg = Debug|Any CPU
		{04F61B79-BD86-431B-B122-3EC534E93018}.Debug|Any CPU.Build.0 = Debug|Any CPU
		{04F61B79-BD86-431B-B122-3EC534E93018}.Debug|Mixed Platforms.ActiveCfg = Debug|Any CPU
		{04F61B79-BD86-431B-B122-3EC534E93018}.Debug|Mixed Platforms.Build.0 = Debug|Any CPU
		{04F61B79-BD86-431B-B122-3EC534E93018}.Debug|x86.ActiveCfg = Debug|Any CPU
		{04F61B79-BD86-431B-B122-3EC534E93018}.Release|Any CPU.ActiveCfg = Release|Any CPU
		{04F61B79-BD86-431B-B122-3EC534E93018}.Release|Any CPU.Build.0 = Release|Any CPU
		{04F61B79-BD86-431B-B122-3EC534E93018}.Release|Mixed Platforms.ActiveCfg = Release|Any CPU
		{04F61B79-BD86-431B-B122-3EC534E93018}.Release|Mixed Platforms.Build.0 = Release|Any CPU
		{04F61B79-BD86-431B-B122-3EC534E93018}.Release|x86.ActiveCfg = Release|Any CPU
		{937D46B1-A7DD-432F-AC3A-19D75FE2A107}.Debug|Any CPU.ActiveCfg = Debug|Any CPU
		{937D46B1-A7DD-432F-AC3A-19D75FE2A107}.Debug|Any CPU.Build.0 = Debug|Any CPU
		{937D46B1-A7DD-432F-AC3A-19D75FE2A107}.Debug|Mixed Platforms.ActiveCfg = Debug|Any CPU
		{937D46B1-A7DD-432F-AC3A-19D75FE2A107}.Debug|Mixed Platforms.Build.0 = Debug|Any CPU
		{937D46B1-A7DD-432F-AC3A-19D75FE2A107}.Debug|x86.ActiveCfg = Debug|Any CPU
		{937D46B1-A7DD-432F-AC3A-19D75FE2A107}.Release|Any CPU.ActiveCfg = Release|Any CPU
		{937D46B1-A7DD-432F-AC3A-19D75FE2A107}.Release|Any CPU.Build.0 = Release|Any CPU
		{937D46B1-A7DD-432F-AC3A-19D75FE2A107}.Release|Mixed Platforms.ActiveCfg = Release|Any CPU
		{937D46B1-A7DD-432F-AC3A-19D75FE2A107}.Release|Mixed Platforms.Build.0 = Release|Any CPU
		{937D46B1-A7DD-432F-AC3A-19D75FE2A107}.Release|x86.ActiveCfg = Release|Any CPU
		{EF709D5D-8F82-4ED1-8CF1-AF4225B7571A}.Debug|Any CPU.ActiveCfg = Debug|Any CPU
		{EF709D5D-8F82-4ED1-8CF1-AF4225B7571A}.Debug|Any CPU.Build.0 = Debug|Any CPU
		{EF709D5D-8F82-4ED1-8CF1-AF4225B7571A}.Debug|Mixed Platforms.ActiveCfg = Debug|Any CPU
		{EF709D5D-8F82-4ED1-8CF1-AF4225B7571A}.Debug|Mixed Platforms.Build.0 = Debug|Any CPU
		{EF709D5D-8F82-4ED1-8CF1-AF4225B7571A}.Debug|x86.ActiveCfg = Debug|Any CPU
		{EF709D5D-8F82-4ED1-8CF1-AF4225B7571A}.Release|Any CPU.ActiveCfg = Release|Any CPU
		{EF709D5D-8F82-4ED1-8CF1-AF4225B7571A}.Release|Any CPU.Build.0 = Release|Any CPU
		{EF709D5D-8F82-4ED1-8CF1-AF4225B7571A}.Release|Mixed Platforms.ActiveCfg = Release|Any CPU
		{EF709D5D-8F82-4ED1-8CF1-AF4225B7571A}.Release|Mixed Platforms.Build.0 = Release|Any CPU
		{EF709D5D-8F82-4ED1-8CF1-AF4225B7571A}.Release|x86.ActiveCfg = Release|Any CPU
		{E5173675-5717-4913-BC2D-A60904C10371}.Debug|Any CPU.ActiveCfg = Debug|Any CPU
		{E5173675-5717-4913-BC2D-A60904C10371}.Debug|Any CPU.Build.0 = Debug|Any CPU
		{E5173675-5717-4913-BC2D-A60904C10371}.Debug|Mixed Platforms.ActiveCfg = Debug|Any CPU
		{E5173675-5717-4913-BC2D-A60904C10371}.Debug|Mixed Platforms.Build.0 = Debug|Any CPU
		{E5173675-5717-4913-BC2D-A60904C10371}.Debug|x86.ActiveCfg = Debug|Any CPU
		{E5173675-5717-4913-BC2D-A60904C10371}.Release|Any CPU.ActiveCfg = Release|Any CPU
		{E5173675-5717-4913-BC2D-A60904C10371}.Release|Any CPU.Build.0 = Release|Any CPU
		{E5173675-5717-4913-BC2D-A60904C10371}.Release|Mixed Platforms.ActiveCfg = Release|Any CPU
		{E5173675-5717-4913-BC2D-A60904C10371}.Release|Mixed Platforms.Build.0 = Release|Any CPU
		{E5173675-5717-4913-BC2D-A60904C10371}.Release|x86.ActiveCfg = Release|Any CPU
		{E1A6BB5A-D063-44EB-BE71-26497B8DD3C1}.Debug|Any CPU.ActiveCfg = Debug|Any CPU
		{E1A6BB5A-D063-44EB-BE71-26497B8DD3C1}.Debug|Any CPU.Build.0 = Debug|Any CPU
		{E1A6BB5A-D063-44EB-BE71-26497B8DD3C1}.Debug|Mixed Platforms.ActiveCfg = Debug|Any CPU
		{E1A6BB5A-D063-44EB-BE71-26497B8DD3C1}.Debug|Mixed Platforms.Build.0 = Debug|Any CPU
		{E1A6BB5A-D063-44EB-BE71-26497B8DD3C1}.Debug|x86.ActiveCfg = Debug|Any CPU
		{E1A6BB5A-D063-44EB-BE71-26497B8DD3C1}.Release|Any CPU.ActiveCfg = Release|Any CPU
		{E1A6BB5A-D063-44EB-BE71-26497B8DD3C1}.Release|Any CPU.Build.0 = Release|Any CPU
		{E1A6BB5A-D063-44EB-BE71-26497B8DD3C1}.Release|Mixed Platforms.ActiveCfg = Release|Any CPU
		{E1A6BB5A-D063-44EB-BE71-26497B8DD3C1}.Release|Mixed Platforms.Build.0 = Release|Any CPU
		{E1A6BB5A-D063-44EB-BE71-26497B8DD3C1}.Release|x86.ActiveCfg = Release|Any CPU
	EndGlobalSection
	GlobalSection(SolutionProperties) = preSolution
		HideSolutionNode = FALSE
	EndGlobalSection
EndGlobal
